// !$*UTF8*$!
{
	archiveVersion = 1;
	classes = {
	};
	objectVersion = 48;
	objects = {

/* Begin PBXBuildFile section */
		935B3AD4212BB01000850794 /* AppDelegate.m in Sources */ = {isa = PBXBuildFile; fileRef = 935B3AD3212BB01000850794 /* AppDelegate.m */; };
		935B3AD6212BB01000850794 /* Assets.xcassets in Resources */ = {isa = PBXBuildFile; fileRef = 935B3AD5212BB01000850794 /* Assets.xcassets */; };
		935B3AD9212BB01000850794 /* MainMenu.xib in Resources */ = {isa = PBXBuildFile; fileRef = 935B3AD7212BB01000850794 /* MainMenu.xib */; };
		935B3ADC212BB01000850794 /* main.m in Sources */ = {isa = PBXBuildFile; fileRef = 935B3ADB212BB01000850794 /* main.m */; };
		935B3AE5212BB4FA00850794 /* CoreBluetooth.framework in Frameworks */ = {isa = PBXBuildFile; fileRef = 935B3AE4212BB4FA00850794 /* CoreBluetooth.framework */; };
		935B3AE7212BB59B00850794 /* IOBluetooth.framework in Frameworks */ = {isa = PBXBuildFile; fileRef = 935B3AE6212BB59B00850794 /* IOBluetooth.framework */; };
/* End PBXBuildFile section */

/* Begin PBXFileReference section */
		935B3ACF212BB01000850794 /* ble.app */ = {isa = PBXFileReference; explicitFileType = wrapper.application; includeInIndex = 0; path = ble.app; sourceTree = BUILT_PRODUCTS_DIR; };
		935B3AD2212BB01000850794 /* AppDelegate.h */ = {isa = PBXFileReference; lastKnownFileType = sourcecode.c.h; path = AppDelegate.h; sourceTree = "<group>"; };
		935B3AD3212BB01000850794 /* AppDelegate.m */ = {isa = PBXFileReference; lastKnownFileType = sourcecode.c.objc; path = AppDelegate.m; sourceTree = "<group>"; };
		935B3AD5212BB01000850794 /* Assets.xcassets */ = {isa = PBXFileReference; lastKnownFileType = folder.assetcatalog; path = Assets.xcassets; sourceTree = "<group>"; };
		935B3AD8212BB01000850794 /* Base */ = {isa = PBXFileReference; lastKnownFileType = file.xib; name = Base; path = Base.lproj/MainMenu.xib; sourceTree = "<group>"; };
		935B3ADA212BB01000850794 /* Info.plist */ = {isa = PBXFileReference; lastKnownFileType = text.plist.xml; path = Info.plist; sourceTree = "<group>"; };
		935B3ADB212BB01000850794 /* main.m */ = {isa = PBXFileReference; lastKnownFileType = sourcecode.c.objc; path = main.m; sourceTree = "<group>"; };
		935B3ADD212BB01000850794 /* ble.entitlements */ = {isa = PBXFileReference; lastKnownFileType = text.plist.entitlements; path = ble.entitlements; sourceTree = "<group>"; };
		935B3AE4212BB4FA00850794 /* CoreBluetooth.framework */ = {isa = PBXFileReference; lastKnownFileType = wrapper.framework; name = CoreBluetooth.framework; path = System/Library/Frameworks/CoreBluetooth.framework; sourceTree = SDKROOT; };
		935B3AE6212BB59B00850794 /* IOBluetooth.framework */ = {isa = PBXFileReference; lastKnownFileType = wrapper.framework; name = IOBluetooth.framework; path = System/Library/Frameworks/IOBluetooth.framework; sourceTree = SDKROOT; };
/* End PBXFileReference section */

/* Begin PBXFrameworksBuildPhase section */
		935B3ACC212BB01000850794 /* Frameworks */ = {
			isa = PBXFrameworksBuildPhase;
			buildActionMask = 2147483647;
			files = (
				935B3AE7212BB59B00850794 /* IOBluetooth.framework in Frameworks */,
				935B3AE5212BB4FA00850794 /* CoreBluetooth.framework in Frameworks */,
			);
			runOnlyForDeploymentPostprocessing = 0;
		};
/* End PBXFrameworksBuildPhase section */

/* Begin PBXGroup section */
		935B3AC6212BB00F00850794 = {
			isa = PBXGroup;
			children = (
				935B3AD1212BB01000850794 /* ble */,
				935B3AD0212BB01000850794 /* Products */,
				935B3AE3212BB4FA00850794 /* Frameworks */,
			);
			sourceTree = "<group>";
		};
		935B3AD0212BB01000850794 /* Products */ = {
			isa = PBXGroup;
			children = (
				935B3ACF212BB01000850794 /* ble.app */,
			);
			name = Products;
			sourceTree = "<group>";
		};
		935B3AD1212BB01000850794 /* ble */ = {
			isa = PBXGroup;
			children = (
				935B3AD2212BB01000850794 /* AppDelegate.h */,
				935B3AD3212BB01000850794 /* AppDelegate.m */,
				935B3AD5212BB01000850794 /* Assets.xcassets */,
				935B3AD7212BB01000850794 /* MainMenu.xib */,
				935B3ADA212BB01000850794 /* Info.plist */,
				935B3ADB212BB01000850794 /* main.m */,
				935B3ADD212BB01000850794 /* ble.entitlements */,
			);
			path = ble;
			sourceTree = "<group>";
		};
		935B3AE3212BB4FA00850794 /* Frameworks */ = {
			isa = PBXGroup;
			children = (
				935B3AE6212BB59B00850794 /* IOBluetooth.framework */,
				935B3AE4212BB4FA00850794 /* CoreBluetooth.framework */,
			);
			name = Frameworks;
			sourceTree = "<group>";
		};
/* End PBXGroup section */

/* Begin PBXNativeTarget section */
		935B3ACE212BB01000850794 /* ble */ = {
			isa = PBXNativeTarget;
			buildConfigurationList = 935B3AE0212BB01000850794 /* Build configuration list for PBXNativeTarget "ble" */;
			buildPhases = (
				935B3ACB212BB01000850794 /* Sources */,
				935B3ACC212BB01000850794 /* Frameworks */,
				935B3ACD212BB01000850794 /* Resources */,
			);
			buildRules = (
			);
			dependencies = (
			);
			name = ble;
			productName = ble;
			productReference = 935B3ACF212BB01000850794 /* ble.app */;
			productType = "com.apple.product-type.application";
		};
/* End PBXNativeTarget section */

/* Begin PBXProject section */
		935B3AC7212BB01000850794 /* Project object */ = {
			isa = PBXProject;
			attributes = {
				LastUpgradeCheck = 0920;
				ORGANIZATIONNAME = "Aaron Elkins";
				TargetAttributes = {
					935B3ACE212BB01000850794 = {
						CreatedOnToolsVersion = 9.2;
						ProvisioningStyle = Automatic;
					};
				};
			};
			buildConfigurationList = 935B3ACA212BB01000850794 /* Build configuration list for PBXProject "ble" */;
			compatibilityVersion = "Xcode 8.0";
			developmentRegion = en;
			hasScannedForEncodings = 0;
			knownRegions = (
				en,
				Base,
			);
			mainGroup = 935B3AC6212BB00F00850794;
			productRefGroup = 935B3AD0212BB01000850794 /* Products */;
			projectDirPath = "";
			projectRoot = "";
			targets = (
				935B3ACE212BB01000850794 /* ble */,
			);
		};
/* End PBXProject section */

/* Begin PBXResourcesBuildPhase section */
		935B3ACD212BB01000850794 /* Resources */ = {
			isa = PBXResourcesBuildPhase;
			buildActionMask = 2147483647;
			files = (
				935B3AD6212BB01000850794 /* Assets.xcassets in Resources */,
				935B3AD9212BB01000850794 /* MainMenu.xib in Resources */,
			);
			runOnlyForDeploymentPostprocessing = 0;
		};
/* End PBXResourcesBuildPhase section */

/* Begin PBXSourcesBuildPhase section */
		935B3ACB212BB01000850794 /* Sources */ = {
			isa = PBXSourcesBuildPhase;
			buildActionMask = 2147483647;
			files = (
				935B3ADC212BB01000850794 /* main.m in Sources */,
				935B3AD4212BB01000850794 /* AppDelegate.m in Sources */,
			);
			runOnlyForDeploymentPostprocessing = 0;
		};
/* End PBXSourcesBuildPhase section */

/* Begin PBXVariantGroup section */
		935B3AD7212BB01000850794 /* MainMenu.xib */ = {
			isa = PBXVariantGroup;
			children = (
				935B3AD8212BB01000850794 /* Base */,
			);
			name = MainMenu.xib;
			sourceTree = "<group>";
		};
/* End PBXVariantGroup section */

/* Begin XCBuildConfiguration section */
		935B3ADE212BB01000850794 /* Debug */ = {
			isa = XCBuildConfiguration;
			buildSettings = {
				ALWAYS_SEARCH_USER_PATHS = NO;
				CLANG_ANALYZER_NONNULL = YES;
				CLANG_ANALYZER_NUMBER_OBJECT_CONVERSION = YES_AGGRESSIVE;
				CLANG_CXX_LANGUAGE_STANDARD = "gnu++14";
				CLANG_CXX_LIBRARY = "libc++";
				CLANG_ENABLE_MODULES = YES;
				CLANG_ENABLE_OBJC_ARC = YES;
				CLANG_WARN_BLOCK_CAPTURE_AUTORELEASING = YES;
				CLANG_WARN_BOOL_CONVERSION = YES;
				CLANG_WARN_COMMA = YES;
				CLANG_WARN_CONSTANT_CONVERSION = YES;
				CLANG_WARN_DIRECT_OBJC_ISA_USAGE = YES_ERROR;
				CLANG_WARN_DOCUMENTATION_COMMENTS = YES;
				CLANG_WARN_EMPTY_BODY = YES;
				CLANG_WARN_ENUM_CONVERSION = YES;
				CLANG_WARN_INFINITE_RECURSION = YES;
				CLANG_WARN_INT_CONVERSION = YES;
				CLANG_WARN_NON_LITERAL_NULL_CONVERSION = YES;
				CLANG_WARN_OBJC_LITERAL_CONVERSION = YES;
				CLANG_WARN_OBJC_ROOT_CLASS = YES_ERROR;
				CLANG_WARN_RANGE_LOOP_ANALYSIS = YES;
				CLANG_WARN_STRICT_PROTOTYPES = YES;
				CLANG_WARN_SUSPICIOUS_MOVE = YES;
				CLANG_WARN_UNGUARDED_AVAILABILITY = YES_AGGRESSIVE;
				CLANG_WARN_UNREACHABLE_CODE = YES;
				CLANG_WARN__DUPLICATE_METHOD_MATCH = YES;
				CODE_SIGN_IDENTITY = "-";
				COPY_PHASE_STRIP = NO;
				DEBUG_INFORMATION_FORMAT = dwarf;
				ENABLE_STRICT_OBJC_MSGSEND = YES;
				ENABLE_TESTABILITY = YES;
				GCC_C_LANGUAGE_STANDARD = gnu11;
				GCC_DYNAMIC_NO_PIC = NO;
				GCC_NO_COMMON_BLOCKS = YES;
				GCC_OPTIMIZATION_LEVEL = 0;
				GCC_PREPROCESSOR_DEFINITIONS = (
					"DEBUG=1",
					"$(inherited)",
				);
				GCC_WARN_64_TO_32_BIT_CONVERSION = YES;
				GCC_WARN_ABOUT_RETURN_TYPE = YES_ERROR;
				GCC_WARN_UNDECLARED_SELECTOR = YES;
				GCC_WARN_UNINITIALIZED_AUTOS = YES_AGGRESSIVE;
				GCC_WARN_UNUSED_FUNCTION = YES;
				GCC_WARN_UNUSED_VARIABLE = YES;
				MACOSX_DEPLOYMENT_TARGET = 10.12;
				MTL_ENABLE_DEBUG_INFO = YES;
				ONLY_ACTIVE_ARCH = YES;
				SDKROOT = macosx;
			};
			name = Debug;
		};
		935B3ADF212BB01000850794 /* Release */ = {
			isa = XCBuildConfiguration;
			buildSettings = {
				ALWAYS_SEARCH_USER_PATHS = NO;
				CLANG_ANALYZER_NONNULL = YES;
				CLANG_ANALYZER_NUMBER_OBJECT_CONVERSION = YES_AGGRESSIVE;
				CLANG_CXX_LANGUAGE_STANDARD = "gnu++14";
				CLANG_CXX_LIBRARY = "libc++";
				CLANG_ENABLE_MODULES = YES;
				CLANG_ENABLE_OBJC_ARC = YES;
				CLANG_WARN_BLOCK_CAPTURE_AUTORELEASING = YES;
				CLANG_WARN_BOOL_CONVERSION = YES;
				CLANG_WARN_COMMA = YES;
				CLANG_WARN_CONSTANT_CONVERSION = YES;
				CLANG_WARN_DIRECT_OBJC_ISA_USAGE = YES_ERROR;
				CLANG_WARN_DOCUMENTATION_COMMENTS = YES;
				CLANG_WARN_EMPTY_BODY = YES;
				CLANG_WARN_ENUM_CONVERSION = YES;
				CLANG_WARN_INFINITE_RECURSION = YES;
				CLANG_WARN_INT_CONVERSION = YES;
				CLANG_WARN_NON_LITERAL_NULL_CONVERSION = YES;
				CLANG_WARN_OBJC_LITERAL_CONVERSION = YES;
				CLANG_WARN_OBJC_ROOT_CLASS = YES_ERROR;
				CLANG_WARN_RANGE_LOOP_ANALYSIS = YES;
				CLANG_WARN_STRICT_PROTOTYPES = YES;
				CLANG_WARN_SUSPICIOUS_MOVE = YES;
				CLANG_WARN_UNGUARDED_AVAILABILITY = YES_AGGRESSIVE;
				CLANG_WARN_UNREACHABLE_CODE = YES;
				CLANG_WARN__DUPLICATE_METHOD_MATCH = YES;
				CODE_SIGN_IDENTITY = "-";
				COPY_PHASE_STRIP = NO;
				DEBUG_INFORMATION_FORMAT = "dwarf-with-dsym";
				ENABLE_NS_ASSERTIONS = NO;
				ENABLE_STRICT_OBJC_MSGSEND = YES;
				GCC_C_LANGUAGE_STANDARD = gnu11;
				GCC_NO_COMMON_BLOCKS = YES;
				GCC_WARN_64_TO_32_BIT_CONVERSION = YES;
				GCC_WARN_ABOUT_RETURN_TYPE = YES_ERROR;
				GCC_WARN_UNDECLARED_SELECTOR = YES;
				GCC_WARN_UNINITIALIZED_AUTOS = YES_AGGRESSIVE;
				GCC_WARN_UNUSED_FUNCTION = YES;
				GCC_WARN_UNUSED_VARIABLE = YES;
				MACOSX_DEPLOYMENT_TARGET = 10.12;
				MTL_ENABLE_DEBUG_INFO = NO;
				SDKROOT = macosx;
			};
			name = Release;
		};
		935B3AE1212BB01000850794 /* Debug */ = {
			isa = XCBuildConfiguration;
			buildSettings = {
				ASSETCATALOG_COMPILER_APPICON_NAME = AppIcon;
				CODE_SIGN_STYLE = Automatic;
				COMBINE_HIDPI_IMAGES = YES;
				INFOPLIST_FILE = ble/Info.plist;
				LD_RUNPATH_SEARCH_PATHS = "$(inherited) @executable_path/../Frameworks";
				MACOSX_DEPLOYMENT_TARGET = 10.12;
				PRODUCT_BUNDLE_IDENTIFIER = PixelEgg.me.ble;
				PRODUCT_NAME = "$(TARGET_NAME)";
			};
			name = Debug;
		};
		935B3AE2212BB01000850794 /* Release */ = {
			isa = XCBuildConfiguration;
			buildSettings = {
				ASSETCATALOG_COMPILER_APPICON_NAME = AppIcon;
				CODE_SIGN_STYLE = Automatic;
				COMBINE_HIDPI_IMAGES = YES;
				INFOPLIST_FILE = ble/Info.plist;
				LD_RUNPATH_SEARCH_PATHS = "$(inherited) @executable_path/../Frameworks";
				MACOSX_DEPLOYMENT_TARGET = 10.12;
				PRODUCT_BUNDLE_IDENTIFIER = PixelEgg.me.ble;
				PRODUCT_NAME = "$(TARGET_NAME)";
			};
			name = Release;
		};
/* End XCBuildConfiguration section */

/* Begin XCConfigurationList section */
		935B3ACA212BB01000850794 /* Build configuration list for PBXProject "ble" */ = {
			isa = XCConfigurationList;
			buildConfigurations = (
				935B3ADE212BB01000850794 /* Debug */,
				935B3ADF212BB01000850794 /* Release */,
			);
			defaultConfigurationIsVisible = 0;
			defaultConfigurationName = Release;
		};
		935B3AE0212BB01000850794 /* Build configuration list for PBXNativeTarget "ble" */ = {
			isa = XCConfigurationList;
			buildConfigurations = (
				935B3AE1212BB01000850794 /* Debug */,
				935B3AE2212BB01000850794 /* Release */,
			);
			defaultConfigurationIsVisible = 0;
			defaultConfigurationName = Release;
		};
/* End XCConfigurationList section */
	};
	rootObject = 935B3AC7212BB01000850794 /* Project object */;
}
